
Microsoft Visual Studio Solution File, Format Version 12.00
# Visual Studio Version 17
Project("{2150E333-8FDC-42A3-9474-1A3956D46DE8}") = "CMakePredefinedTargets", "CMakePredefinedTargets", "{1C078A1E-F82A-3687-A532-97F115C03D86}"
EndProject
Project("{2150E333-8FDC-42A3-9474-1A3956D46DE8}") = "GLFW3", "GLFW3", "{8F6152F0-4244-30A1-ABA0-A210EE9D0F68}"
EndProject
Project("{8BC9CEB8-8B4A-11D0-8D11-00A0C91BC942}") = "ALL_BUILD", "ALL_BUILD.vcxproj", "{7443210A-1CDA-3F4D-89D4-887D0B9D6DA6}"
	ProjectSection(ProjectDependencies) = postProject
		{C12E3A48-EF72-3663-808C-18F9EC4016EE} = {C12E3A48-EF72-3663-808C-18F9EC4016EE}
		{30DF3577-8042-30EF-941E-D8219201AE5F} = {30DF3577-8042-30EF-941E-D8219201AE5F}
	EndProjectSection
EndProject
Project("{8BC9CEB8-8B4A-11D0-8D11-00A0C91BC942}") = "INSTALL", "INSTALL.vcxproj", "{D134F35B-E25D-3912-8208-B213CF33A1EC}"
	ProjectSection(ProjectDependencies) = postProject
		{7443210A-1CDA-3F4D-89D4-887D0B9D6DA6} = {7443210A-1CDA-3F4D-89D4-887D0B9D6DA6}
		{C12E3A48-EF72-3663-808C-18F9EC4016EE} = {C12E3A48-EF72-3663-808C-18F9EC4016EE}
	EndProjectSection
EndProject
Project("{8BC9CEB8-8B4A-11D0-8D11-00A0C91BC942}") = "ZERO_CHECK", "ZERO_CHECK.vcxproj", "{C12E3A48-EF72-3663-808C-18F9EC4016EE}"
	ProjectSection(ProjectDependencies) = postProject
	EndProjectSection
EndProject
Project("{8BC9CEB8-8B4A-11D0-8D11-00A0C91BC942}") = "glfw", "src\glfw.vcxproj", "{30DF3577-8042-30EF-941E-D8219201AE5F}"
	ProjectSection(ProjectDependencies) = postProject
		{C12E3A48-EF72-3663-808C-18F9EC4016EE} = {C12E3A48-EF72-3663-808C-18F9EC4016EE}
	EndProjectSection
EndProject
Project("{8BC9CEB8-8B4A-11D0-8D11-00A0C91BC942}") = "uninstall", "uninstall.vcxproj", "{2F665F72-E75D-3324-8ACF-2D223B43A06D}"
	ProjectSection(ProjectDependencies) = postProject
		{C12E3A48-EF72-3663-808C-18F9EC4016EE} = {C12E3A48-EF72-3663-808C-18F9EC4016EE}
	EndProjectSection
EndProject
Project("{8BC9CEB8-8B4A-11D0-8D11-00A0C91BC942}") = "update_mappings", "src\update_mappings.vcxproj", "{69C291C0-5A51-30BA-ACA0-21EC042F1E6F}"
	ProjectSection(ProjectDependencies) = postProject
		{C12E3A48-EF72-3663-808C-18F9EC4016EE} = {C12E3A48-EF72-3663-808C-18F9EC4016EE}
	EndProjectSection
EndProject
Global
	GlobalSection(SolutionConfigurationPlatforms) = preSolution
		Debug|x64 = Debug|x64
		Release|x64 = Release|x64
		MinSizeRel|x64 = MinSizeRel|x64
		RelWithDebInfo|x64 = RelWithDebInfo|x64
	EndGlobalSection
	GlobalSection(ProjectConfigurationPlatforms) = postSolution
		{7443210A-1CDA-3F4D-89D4-887D0B9D6DA6}.Debug|x64.ActiveCfg = Debug|x64
		{7443210A-1CDA-3F4D-89D4-887D0B9D6DA6}.Debug|x64.Build.0 = Debug|x64
		{7443210A-1CDA-3F4D-89D4-887D0B9D6DA6}.Release|x64.ActiveCfg = Release|x64
		{7443210A-1CDA-3F4D-89D4-887D0B9D6DA6}.Release|x64.Build.0 = Release|x64
		{7443210A-1CDA-3F4D-89D4-887D0B9D6DA6}.MinSizeRel|x64.ActiveCfg = MinSizeRel|x64
		{7443210A-1CDA-3F4D-89D4-887D0B9D6DA6}.MinSizeRel|x64.Build.0 = MinSizeRel|x64
		{7443210A-1CDA-3F4D-89D4-887D0B9D6DA6}.RelWithDebInfo|x64.ActiveCfg = RelWithDebInfo|x64
		{7443210A-1CDA-3F4D-89D4-887D0B9D6DA6}.RelWithDebInfo|x64.Build.0 = RelWithDebInfo|x64
		{D134F35B-E25D-3912-8208-B213CF33A1EC}.Debug|x64.ActiveCfg = Debug|x64
		{D134F35B-E25D-3912-8208-B213CF33A1EC}.Release|x64.ActiveCfg = Release|x64
		{D134F35B-E25D-3912-8208-B213CF33A1EC}.MinSizeRel|x64.ActiveCfg = MinSizeRel|x64
		{D134F35B-E25D-3912-8208-B213CF33A1EC}.RelWithDebInfo|x64.ActiveCfg = RelWithDebInfo|x64
		{C12E3A48-EF72-3663-808C-18F9EC4016EE}.Debug|x64.ActiveCfg = Debug|x64
		{C12E3A48-EF72-3663-808C-18F9EC4016EE}.Debug|x64.Build.0 = Debug|x64
		{C12E3A48-EF72-3663-808C-18F9EC4016EE}.Release|x64.ActiveCfg = Release|x64
		{C12E3A48-EF72-3663-808C-18F9EC4016EE}.Release|x64.Build.0 = Release|x64
		{C12E3A48-EF72-3663-808C-18F9EC4016EE}.MinSizeRel|x64.ActiveCfg = MinSizeRel|x64
		{C12E3A48-EF72-3663-808C-18F9EC4016EE}.MinSizeRel|x64.Build.0 = MinSizeRel|x64
		{C12E3A48-EF72-3663-808C-18F9EC4016EE}.RelWithDebInfo|x64.ActiveCfg = RelWithDebInfo|x64
		{C12E3A48-EF72-3663-808C-18F9EC4016EE}.RelWithDebInfo|x64.Build.0 = RelWithDebInfo|x64
		{30DF3577-8042-30EF-941E-D8219201AE5F}.Debug|x64.ActiveCfg = Debug|x64
		{30DF3577-8042-30EF-941E-D8219201AE5F}.Debug|x64.Build.0 = Debug|x64
		{30DF3577-8042-30EF-941E-D8219201AE5F}.Release|x64.ActiveCfg = Release|x64
		{30DF3577-8042-30EF-941E-D8219201AE5F}.Release|x64.Build.0 = Release|x64
		{30DF3577-8042-30EF-941E-D8219201AE5F}.MinSizeRel|x64.ActiveCfg = MinSizeRel|x64
		{30DF3577-8042-30EF-941E-D8219201AE5F}.MinSizeRel|x64.Build.0 = MinSizeRel|x64
		{30DF3577-8042-30EF-941E-D8219201AE5F}.RelWithDebInfo|x64.ActiveCfg = RelWithDebInfo|x64
		{30DF3577-8042-30EF-941E-D8219201AE5F}.RelWithDebInfo|x64.Build.0 = RelWithDebInfo|x64
		{2F665F72-E75D-3324-8ACF-2D223B43A06D}.Debug|x64.ActiveCfg = Debug|x64
		{2F665F72-E75D-3324-8ACF-2D223B43A06D}.Release|x64.ActiveCfg = Release|x64
		{2F665F72-E75D-3324-8ACF-2D223B43A06D}.MinSizeRel|x64.ActiveCfg = MinSizeRel|x64
		{2F665F72-E75D-3324-8ACF-2D223B43A06D}.RelWithDebInfo|x64.ActiveCfg = RelWithDebInfo|x64
		{69C291C0-5A51-30BA-ACA0-21EC042F1E6F}.Debug|x64.ActiveCfg = Debug|x64
		{69C291C0-5A51-30BA-ACA0-21EC042F1E6F}.Release|x64.ActiveCfg = Release|x64
		{69C291C0-5A51-30BA-ACA0-21EC042F1E6F}.MinSizeRel|x64.ActiveCfg = MinSizeRel|x64
		{69C291C0-5A51-30BA-ACA0-21EC042F1E6F}.RelWithDebInfo|x64.ActiveCfg = RelWithDebInfo|x64
	EndGlobalSection
	GlobalSection(NestedProjects) = preSolution
		{7443210A-1CDA-3F4D-89D4-887D0B9D6DA6} = {1C078A1E-F82A-3687-A532-97F115C03D86}
		{D134F35B-E25D-3912-8208-B213CF33A1EC} = {1C078A1E-F82A-3687-A532-97F115C03D86}
		{C12E3A48-EF72-3663-808C-18F9EC4016EE} = {1C078A1E-F82A-3687-A532-97F115C03D86}
		{30DF3577-8042-30EF-941E-D8219201AE5F} = {8F6152F0-4244-30A1-ABA0-A210EE9D0F68}
		{2F665F72-E75D-3324-8ACF-2D223B43A06D} = {8F6152F0-4244-30A1-ABA0-A210EE9D0F68}
		{69C291C0-5A51-30BA-ACA0-21EC042F1E6F} = {8F6152F0-4244-30A1-ABA0-A210EE9D0F68}
	EndGlobalSection
	GlobalSection(ExtensibilityGlobals) = postSolution
		SolutionGuid = {5B744021-A169-3C31-87FE-E6B0CF06BC74}
	EndGlobalSection
	GlobalSection(ExtensibilityAddIns) = postSolution
	EndGlobalSection
EndGlobal
